{
  "name": "y",
  "version": "1.0.0",
  "lockfileVersion": 1,
  "requires": true,
  "dependencies": {
    "@babel/runtime": {
      "version": "7.17.9",
      "resolved": "https://registry.npmjs.org/@babel/runtime/-/runtime-7.17.9.tgz",
      "integrity": "sha512-lSiBBvodq29uShpWGNbgFdKYNiFDo5/HIYsaCEY9ff4sb10x9jizo2+pRrSyF4jKZCXqgzuqBOQKbUm90gQwJg==",
      "requires": {
        "regenerator-runtime": "^0.13.4"
      }
    },
    "@panva/hkdf": {
      "version": "1.0.1",
      "resolved": "https://registry.npmjs.org/@panva/hkdf/-/hkdf-1.0.1.tgz",
      "integrity": "sha512-mMyQ9vjpuFqePkfe5bZVIf/H3Dmk6wA8Kjxff9RcO4kqzJo+Ek9pGKwZHpeMr7Eku0QhLXMCd7fNCSnEnRMubg=="
    },
    "cookie": {
      "version": "0.4.2",
      "resolved": "https://registry.npmjs.org/cookie/-/cookie-0.4.2.tgz",
      "integrity": "sha512-aSWTXFzaKWkvHO1Ny/s+ePFpvKsPnjc551iI41v3ny/ow6tBG5Vd+FuqGNhh1LxOmVzOlGUriIlOaokOvhaStA=="
    },
    "jose": {
      "version": "4.6.2",
      "resolved": "https://registry.npmjs.org/jose/-/jose-4.6.2.tgz",
      "integrity": "sha512-7Jd3kGkgDfhpj+SFqfam70HyVC0gtdfbGc/tHb5dqsWYlQqodgkotqWYEXn1PhQXgdJqsyOAIKT0N4O2riUFiA=="
    },
    "lodash": {
      "version": "4.17.16",
      "resolved": "https://registry.npmjs.org/lodash/-/lodash-4.17.16.tgz",
      "integrity": "sha512-mzxOTaU4AsJhnIujhngm+OnA6JX4fTI8D5H26wwGd+BJ57bW70oyRwTqo6EFJm1jTZ7hCo7yVzH1vB8TMFd2ww=="
    },
    "lru-cache": {
      "version": "6.0.0",
      "resolved": "https://registry.npmjs.org/lru-cache/-/lru-cache-6.0.0.tgz",
      "integrity": "sha512-Jo6dJ04CmSjuznwJSS3pUeWmd/H0ffTlkXXgwZi+eq1UCmqQwCh+eLsYOYCwY991i2Fah4h1BEMCx4qThGbsiA==",
      "requires": {
        "yallist": "^4.0.0"
      }
    },
    "next-auth": {
      "version": "4.3.2",
      "resolved": "https://registry.npmjs.org/next-auth/-/next-auth-4.3.2.tgz",
      "integrity": "sha512-yj9HN9p81Fg3dkrq4Y0FxjfgupiABac7o+ve47j5GPLjo1qE2FFX1pr7g7mwQ1HDUCoGhLmgBpFBR8+pdWgFfQ==",
      "requires": {
        "@babel/runtime": "^7.16.3",
        "@panva/hkdf": "^1.0.1",
        "cookie": "^0.4.1",
        "jose": "^4.3.7",
        "oauth": "^0.9.15",
        "openid-client": "^5.1.0",
        "preact": "^10.6.3",
        "preact-render-to-string": "^5.1.19",
        "uuid": "^8.3.2"
      }
    },
    "oauth": {
      "version": "0.9.15",
      "resolved": "https://registry.npmjs.org/oauth/-/oauth-0.9.15.tgz",
      "integrity": "sha1-vR/vr2hslrdUda7VGWQS/2DPucE="
    },
    "object-hash": {
      "version": "2.2.0",
      "resolved": "https://registry.npmjs.org/object-hash/-/object-hash-2.2.0.tgz",
      "integrity": "sha512-gScRMn0bS5fH+IuwyIFgnh9zBdo4DV+6GhygmWM9HyNJSgS0hScp1f5vjtm7oIIOiT9trXrShAkLFSc2IqKNgw=="
    },
    "oidc-token-hash": {
      "version": "5.0.1",
      "resolved": "https://registry.npmjs.org/oidc-token-hash/-/oidc-token-hash-5.0.1.tgz",
      "integrity": "sha512-EvoOtz6FIEBzE+9q253HsLCVRiK/0doEJ2HCvvqMQb3dHZrP3WlJKYtJ55CRTw4jmYomzH4wkPuCj/I3ZvpKxQ=="
    },
    "openid-client": {
      "version": "5.1.5",
      "resolved": "https://registry.npmjs.org/openid-client/-/openid-client-5.1.5.tgz",
      "integrity": "sha512-m41p7V/iXyqc0WZeo20uwKk8NPDAtYd3JS0uWjttcqwvFo4YNYAKegMAMea1qG5RClddQ6rV9ec/TP6ZvsCrYw==",
      "requires": {
        "jose": "^4.1.4",
        "lru-cache": "^6.0.0",
        "object-hash": "^2.0.1",
        "oidc-token-hash": "^5.0.1"
      }
    },
    "preact": {
      "version": "10.7.1",
      "resolved": "https://registry.npmjs.org/preact/-/preact-10.7.1.tgz",
      "integrity": "sha512-MufnRFz39aIhs9AMFisonjzTud1PK1bY+jcJLo6m2T9Uh8AqjD77w11eAAawmjUogoGOnipECq7e/1RClIKsxg=="
    },
    "preact-render-to-string": {
      "version": "5.1.21",
      "resolved": "https://registry.npmjs.org/preact-render-to-string/-/preact-render-to-string-5.1.21.tgz",
      "integrity": "sha512-wbMtNU4JpfvbE04iCe7BZ1yLYN8i6NRrq+NhR0fUINjPXGu3ZIc4GM5ScOiwdIP1sPXv9SVETuud/tmQGMvdNQ==",
      "requires": {
        "pretty-format": "^3.8.0"
      }
    },
    "pretty-format": {
      "version": "3.8.0",
      "resolved": "https://registry.npmjs.org/pretty-format/-/pretty-format-3.8.0.tgz",
      "integrity": "sha1-v77VbV6ad2ZF9LH/eqGjrE+jw4U="
    },
    "regenerator-runtime": {
      "version": "0.13.9",
      "resolved": "https://registry.npmjs.org/regenerator-runtime/-/regenerator-runtime-0.13.9.tgz",
      "integrity": "sha512-p3VT+cOEgxFsRRA9X4lkI1E+k2/CtnKtU4gcxyaCUreilL/vqI6CdZ3wxVUx3UOUg+gnUOQQcRI7BmSI656MYA=="
    },
    "uuid": {
      "version": "8.3.2",
      "resolved": "https://registry.npmjs.org/uuid/-/uuid-8.3.2.tgz",
      "integrity": "sha512-+NYs2QeMWy+GWFOEm9xnn6HCDp0l7QBD7ml8zLUmJ+93Q5NF0NocErnwkTkXVFNiX3/fpC6afS8Dhb/gz7R7eg=="
    },
    "yallist": {
      "version": "4.0.0",
      "resolved": "https://registry.npmjs.org/yallist/-/yallist-4.0.0.tgz",
      "integrity": "sha512-3wdGidZyq5PB084XLES5TpOSRA3wjXAlIWMhum2kRcv/41Sn2emQ0dycQW4uZXLejwKvg6EsvbdlVL+FYEct7A=="
    }
  }
}
